
Microsoft Visual Studio Solution File, Format Version 12.00
# Visual Studio 15
VisualStudioVersion = 15.0.26730.0
MinimumVisualStudioVersion = 10.0.40219.1
Project("{888888A0-9F3D-457C-B088-3A5042F75D52}") = "Microfluidic Control RC1", "Microfluidic Control RC1.pyproj", "{9590CA1B-B1C9-49D3-8D09-315D2FB25873}"
EndProject
Global
	GlobalSection(SolutionConfigurationPlatforms) = preSolution
		Debug|Any CPU = Debug|Any CPU
		Release|Any CPU = Release|Any CPU
	EndGlobalSection
	GlobalSection(ProjectConfigurationPlatforms) = postSolution
		{9590CA1B-B1C9-49D3-8D09-315D2FB25873}.Debug|Any CPU.ActiveCfg = Debug|Any CPU
		{9590CA1B-B1C9-49D3-8D09-315D2FB25873}.Release|Any CPU.ActiveCfg = Release|Any CPU
	EndGlobalSection
	GlobalSection(SolutionProperties) = preSolution
		HideSolutionNode = FALSE
	EndGlobalSection
	GlobalSection(ExtensibilityGlobals) = postSolution
		SolutionGuid = {A77B7555-4046-4532-B65E-556E8F2481CE}
	EndGlobalSection
EndGlobal
